
Microsoft Visual Studio Solution File, Format Version 12.00
# Visual Studio Version 17
VisualStudioVersion = 17.14.36221.1 d17.14
MinimumVisualStudioVersion = 10.0.40219.1
Project("{FAE04EC0-301F-11D3-BF4B-00C04F79EFBC}") = "forkLab1", "forkLab1\forkLab1.csproj", "{334D2ECE-BDF4-43A6-A7F1-7D86F654A5BA}"
EndProject
Global
	GlobalSection(SolutionConfigurationPlatforms) = preSolution
		Debug|Any CPU = Debug|Any CPU
		Release|Any CPU = Release|Any CPU
	EndGlobalSection
	GlobalSection(ProjectConfigurationPlatforms) = postSolution
		{334D2ECE-BDF4-43A6-A7F1-7D86F654A5BA}.Debug|Any CPU.ActiveCfg = Debug|Any CPU
		{334D2ECE-BDF4-43A6-A7F1-7D86F654A5BA}.Debug|Any CPU.Build.0 = Debug|Any CPU
		{334D2ECE-BDF4-43A6-A7F1-7D86F654A5BA}.Release|Any CPU.ActiveCfg = Release|Any CPU
		{334D2ECE-BDF4-43A6-A7F1-7D86F654A5BA}.Release|Any CPU.Build.0 = Release|Any CPU
	EndGlobalSection
	GlobalSection(SolutionProperties) = preSolution
		HideSolutionNode = FALSE
	EndGlobalSection
	GlobalSection(ExtensibilityGlobals) = postSolution
		SolutionGuid = {718B3810-4740-4AEB-A55C-42729D99AD9E}
	EndGlobalSection
EndGlobal
